{
  "name": "assay-ratings",
  "version": "0.1.0",
  "lockfileVersion": 3,
  "requires": true,
  "packages": {
    "": {
      "name": "assay-ratings",
      "version": "0.1.0",
      "license": "MIT",
      "workspaces": [
        "packages/core",
        "packages/chain",
        "packages/claims",
        "apps/scanner"
      ],
      "engines": {
        "node": ">=20"
      }
    },
    "apps/scanner": {
      "name": "@assay/scanner",
      "version": "0.1.0",
      "license": "MIT",
      "dependencies": {
        "@assay/chain": "0.1.0",
        "@assay/claims": "0.1.0",
        "@assay/core": "0.1.0"
      }
    },
    "node_modules/@assay/chain": {
      "resolved": "packages/chain",
      "link": true
    },
    "node_modules/@assay/claims": {
      "resolved": "packages/claims",
      "link": true
    },
    "node_modules/@assay/core": {
      "resolved": "packages/core",
      "link": true
    },
    "node_modules/@assay/scanner": {
      "resolved": "apps/scanner",
      "link": true
    },
    "packages/chain": {
      "name": "@assay/chain",
      "version": "0.1.0",
      "license": "MIT"
    },
    "packages/claims": {
      "name": "@assay/claims",
      "version": "0.1.0",
      "license": "MIT"
    },
    "packages/core": {
      "name": "@assay/core",
      "version": "0.1.0",
      "license": "MIT"
    }
  }
}
